
Microsoft Visual Studio Solution File, Format Version 12.00
# Visual Studio Version 16
VisualStudioVersion = 16.0.31410.357
MinimumVisualStudioVersion = 10.0.40219.1
Project("{9A19103F-16F7-4668-BE54-9A1E7A4F7556}") = "todobackend", "todobackend.csproj", "{EE6C3BD7-05DA-4CBD-B7A5-CD29DA7E193A}"
EndProject
Project("{FAE04EC0-301F-11D3-BF4B-00C04F79EFBC}") = "todobackend.CriacaoListaTarefas", "..\todobackend.CriacaoListaTarefas\todobackend.CriacaoListaTarefas.csproj", "{C54FBC1D-7D65-4DBA-8AD8-DA78556A80C7}"
EndProject
Project("{FAE04EC0-301F-11D3-BF4B-00C04F79EFBC}") = "todobackend.Tests", "..\todobackend.Tests\todobackend.Tests.csproj", "{2E2E4223-4A3F-4336-8531-E96DF624D695}"
EndProject
Global
	GlobalSection(SolutionConfigurationPlatforms) = preSolution
		Debug|Any CPU = Debug|Any CPU
		Release|Any CPU = Release|Any CPU
	EndGlobalSection
	GlobalSection(ProjectConfigurationPlatforms) = postSolution
		{EE6C3BD7-05DA-4CBD-B7A5-CD29DA7E193A}.Debug|Any CPU.ActiveCfg = Debug|Any CPU
		{EE6C3BD7-05DA-4CBD-B7A5-CD29DA7E193A}.Debug|Any CPU.Build.0 = Debug|Any CPU
		{EE6C3BD7-05DA-4CBD-B7A5-CD29DA7E193A}.Release|Any CPU.ActiveCfg = Release|Any CPU
		{EE6C3BD7-05DA-4CBD-B7A5-CD29DA7E193A}.Release|Any CPU.Build.0 = Release|Any CPU
		{C54FBC1D-7D65-4DBA-8AD8-DA78556A80C7}.Debug|Any CPU.ActiveCfg = Debug|Any CPU
		{C54FBC1D-7D65-4DBA-8AD8-DA78556A80C7}.Debug|Any CPU.Build.0 = Debug|Any CPU
		{C54FBC1D-7D65-4DBA-8AD8-DA78556A80C7}.Release|Any CPU.ActiveCfg = Release|Any CPU
		{C54FBC1D-7D65-4DBA-8AD8-DA78556A80C7}.Release|Any CPU.Build.0 = Release|Any CPU
		{2E2E4223-4A3F-4336-8531-E96DF624D695}.Debug|Any CPU.ActiveCfg = Debug|Any CPU
		{2E2E4223-4A3F-4336-8531-E96DF624D695}.Debug|Any CPU.Build.0 = Debug|Any CPU
		{2E2E4223-4A3F-4336-8531-E96DF624D695}.Release|Any CPU.ActiveCfg = Release|Any CPU
		{2E2E4223-4A3F-4336-8531-E96DF624D695}.Release|Any CPU.Build.0 = Release|Any CPU
	EndGlobalSection
	GlobalSection(SolutionProperties) = preSolution
		HideSolutionNode = FALSE
	EndGlobalSection
	GlobalSection(ExtensibilityGlobals) = postSolution
		SolutionGuid = {78518EF5-366C-4D45-A9EE-86E68118724F}
	EndGlobalSection
EndGlobal
